{
  "requires": true,
  "lockfileVersion": 1,
  "dependencies": {
    "eventemitter3": {
      "version": "3.1.0",
      "resolved": "https://registry.npmjs.org/eventemitter3/-/eventemitter3-3.1.0.tgz",
      "integrity": "sha512-ivIvhpq/Y0uSjcHDcOIccjmYjGLcP09MFGE7ysAwkAvkXfpZlC985pH2/ui64DKazbTW/4kN3yqozUxlXzI6cA=="
    },
    "phaser": {
      "version": "3.12.0",
      "resolved": "https://registry.npmjs.org/phaser/-/phaser-3.12.0.tgz",
      "integrity": "sha512-3f4xFi+upHtQpM6GyZHoDKR6iq8Ubyr+3g1pmBrq5qovvV2deSUjGkuF9LP793TYS/WFMrZ0Yi3kkPLKIF3Kaw==",
      "requires": {
        "eventemitter3": "3.1.0"
      }
    }
  }
}
